
Microsoft Visual Studio Solution File, Format Version 12.00
# Visual Studio Version 17
VisualStudioVersion = 17.11.35312.102
MinimumVisualStudioVersion = 10.0.40219.1
Project("{9A19103F-16F7-4668-BE54-9A1E7A4F7556}") = "Clinica", "Clinica.csproj", "{8B05736E-7E70-4166-8C95-8905DE4DE713}"
EndProject
Global
	GlobalSection(SolutionConfigurationPlatforms) = preSolution
		Debug|Any CPU = Debug|Any CPU
		Release|Any CPU = Release|Any CPU
	EndGlobalSection
	GlobalSection(ProjectConfigurationPlatforms) = postSolution
		{8B05736E-7E70-4166-8C95-8905DE4DE713}.Debug|Any CPU.ActiveCfg = Debug|Any CPU
		{8B05736E-7E70-4166-8C95-8905DE4DE713}.Debug|Any CPU.Build.0 = Debug|Any CPU
		{8B05736E-7E70-4166-8C95-8905DE4DE713}.Release|Any CPU.ActiveCfg = Release|Any CPU
		{8B05736E-7E70-4166-8C95-8905DE4DE713}.Release|Any CPU.Build.0 = Release|Any CPU
	EndGlobalSection
	GlobalSection(SolutionProperties) = preSolution
		HideSolutionNode = FALSE
	EndGlobalSection
	GlobalSection(ExtensibilityGlobals) = postSolution
		SolutionGuid = {3E76387B-E65A-4967-A6C9-3B0AE4AA17B1}
	EndGlobalSection
EndGlobal
